// !$*UTF8*$!
{
	archiveVersion = 1;
	classes = {
	};
	objectVersion = 46;
	objects = {

/* Begin PBXBuildFile section */
		F0D974EE1450067E00D7FA65 /* UIKit.framework in Frameworks */ = {isa = PBXBuildFile; fileRef = F0D974ED1450067E00D7FA65 /* UIKit.framework */; };
		F0D974F01450067E00D7FA65 /* Foundation.framework in Frameworks */ = {isa = PBXBuildFile; fileRef = F0D974EF1450067E00D7FA65 /* Foundation.framework */; };
		F0D974F21450067E00D7FA65 /* CoreGraphics.framework in Frameworks */ = {isa = PBXBuildFile; fileRef = F0D974F11450067E00D7FA65 /* CoreGraphics.framework */; };
		F0D974F81450067E00D7FA65 /* InfoPlist.strings in Resources */ = {isa = PBXBuildFile; fileRef = F0D974F61450067E00D7FA65 /* InfoPlist.strings */; };
		F0D974FB1450067E00D7FA65 /* main.m in Sources */ = {isa = PBXBuildFile; fileRef = F0D974FA1450067E00D7FA65 /* main.m */; };
		F0D974FE1450067E00D7FA65 /* GroupedTableViewStyleAppDelegate.m in Sources */ = {isa = PBXBuildFile; fileRef = F0D974FD1450067E00D7FA65 /* GroupedTableViewStyleAppDelegate.m */; };
		F0D975011450067E00D7FA65 /* MainWindow.xib in Resources */ = {isa = PBXBuildFile; fileRef = F0D974FF1450067E00D7FA65 /* MainWindow.xib */; };
		F0D975041450067E00D7FA65 /* GroupedTableViewStyleViewController.m in Sources */ = {isa = PBXBuildFile; fileRef = F0D975031450067E00D7FA65 /* GroupedTableViewStyleViewController.m */; };
		F0D975071450067E00D7FA65 /* GroupedTableViewStyleViewController.xib in Resources */ = {isa = PBXBuildFile; fileRef = F0D975051450067E00D7FA65 /* GroupedTableViewStyleViewController.xib */; };
		F0D9750F145006C600D7FA65 /* GroupedTableViewStyle.m in Sources */ = {isa = PBXBuildFile; fileRef = F0D9750E145006C600D7FA65 /* GroupedTableViewStyle.m */; };
/* End PBXBuildFile section */

/* Begin PBXFileReference section */
		F0D974E91450067E00D7FA65 /* GroupedTableViewStyle.app */ = {isa = PBXFileReference; explicitFileType = wrapper.application; includeInIndex = 0; path = GroupedTableViewStyle.app; sourceTree = BUILT_PRODUCTS_DIR; };
		F0D974ED1450067E00D7FA65 /* UIKit.framework */ = {isa = PBXFileReference; lastKnownFileType = wrapper.framework; name = UIKit.framework; path = System/Library/Frameworks/UIKit.framework; sourceTree = SDKROOT; };
		F0D974EF1450067E00D7FA65 /* Foundation.framework */ = {isa = PBXFileReference; lastKnownFileType = wrapper.framework; name = Foundation.framework; path = System/Library/Frameworks/Foundation.framework; sourceTree = SDKROOT; };
		F0D974F11450067E00D7FA65 /* CoreGraphics.framework */ = {isa = PBXFileReference; lastKnownFileType = wrapper.framework; name = CoreGraphics.framework; path = System/Library/Frameworks/CoreGraphics.framework; sourceTree = SDKROOT; };
		F0D974F51450067E00D7FA65 /* GroupedTableViewStyle-Info.plist */ = {isa = PBXFileReference; lastKnownFileType = text.plist.xml; path = "GroupedTableViewStyle-Info.plist"; sourceTree = "<group>"; };
		F0D974F71450067E00D7FA65 /* en */ = {isa = PBXFileReference; lastKnownFileType = text.plist.strings; name = en; path = en.lproj/InfoPlist.strings; sourceTree = "<group>"; };
		F0D974F91450067E00D7FA65 /* GroupedTableViewStyle-Prefix.pch */ = {isa = PBXFileReference; lastKnownFileType = sourcecode.c.h; path = "GroupedTableViewStyle-Prefix.pch"; sourceTree = "<group>"; };
		F0D974FA1450067E00D7FA65 /* main.m */ = {isa = PBXFileReference; lastKnownFileType = sourcecode.c.objc; path = main.m; sourceTree = "<group>"; };
		F0D974FC1450067E00D7FA65 /* GroupedTableViewStyleAppDelegate.h */ = {isa = PBXFileReference; lastKnownFileType = sourcecode.c.h; path = GroupedTableViewStyleAppDelegate.h; sourceTree = "<group>"; };
		F0D974FD1450067E00D7FA65 /* GroupedTableViewStyleAppDelegate.m */ = {isa = PBXFileReference; lastKnownFileType = sourcecode.c.objc; path = GroupedTableViewStyleAppDelegate.m; sourceTree = "<group>"; };
		F0D975001450067E00D7FA65 /* en */ = {isa = PBXFileReference; lastKnownFileType = file.xib; name = en; path = en.lproj/MainWindow.xib; sourceTree = "<group>"; };
		F0D975021450067E00D7FA65 /* GroupedTableViewStyleViewController.h */ = {isa = PBXFileReference; lastKnownFileType = sourcecode.c.h; path = GroupedTableViewStyleViewController.h; sourceTree = "<group>"; };
		F0D975031450067E00D7FA65 /* GroupedTableViewStyleViewController.m */ = {isa = PBXFileReference; lastKnownFileType = sourcecode.c.objc; path = GroupedTableViewStyleViewController.m; sourceTree = "<group>"; };
		F0D975061450067E00D7FA65 /* en */ = {isa = PBXFileReference; lastKnownFileType = file.xib; name = en; path = en.lproj/GroupedTableViewStyleViewController.xib; sourceTree = "<group>"; };
		F0D9750D145006C600D7FA65 /* GroupedTableViewStyle.h */ = {isa = PBXFileReference; fileEncoding = 4; lastKnownFileType = sourcecode.c.h; path = GroupedTableViewStyle.h; sourceTree = "<group>"; };
		F0D9750E145006C600D7FA65 /* GroupedTableViewStyle.m */ = {isa = PBXFileReference; fileEncoding = 4; lastKnownFileType = sourcecode.c.objc; path = GroupedTableViewStyle.m; sourceTree = "<group>"; };
/* End PBXFileReference section */

/* Begin PBXFrameworksBuildPhase section */
		F0D974E61450067E00D7FA65 /* Frameworks */ = {
			isa = PBXFrameworksBuildPhase;
			buildActionMask = 2147483647;
			files = (
				F0D974EE1450067E00D7FA65 /* UIKit.framework in Frameworks */,
				F0D974F01450067E00D7FA65 /* Foundation.framework in Frameworks */,
				F0D974F21450067E00D7FA65 /* CoreGraphics.framework in Frameworks */,
			);
			runOnlyForDeploymentPostprocessing = 0;
		};
/* End PBXFrameworksBuildPhase section */

/* Begin PBXGroup section */
		F0D974DE1450067E00D7FA65 = {
			isa = PBXGroup;
			children = (
				F0D974F31450067E00D7FA65 /* GroupedTableViewStyle */,
				F0D974EC1450067E00D7FA65 /* Frameworks */,
				F0D974EA1450067E00D7FA65 /* Products */,
			);
			sourceTree = "<group>";
		};
		F0D974EA1450067E00D7FA65 /* Products */ = {
			isa = PBXGroup;
			children = (
				F0D974E91450067E00D7FA65 /* GroupedTableViewStyle.app */,
			);
			name = Products;
			sourceTree = "<group>";
		};
		F0D974EC1450067E00D7FA65 /* Frameworks */ = {
			isa = PBXGroup;
			children = (
				F0D974ED1450067E00D7FA65 /* UIKit.framework */,
				F0D974EF1450067E00D7FA65 /* Foundation.framework */,
				F0D974F11450067E00D7FA65 /* CoreGraphics.framework */,
			);
			name = Frameworks;
			sourceTree = "<group>";
		};
		F0D974F31450067E00D7FA65 /* GroupedTableViewStyle */ = {
			isa = PBXGroup;
			children = (
				F0D9750D145006C600D7FA65 /* GroupedTableViewStyle.h */,
				F0D9750E145006C600D7FA65 /* GroupedTableViewStyle.m */,
				F0D974FC1450067E00D7FA65 /* GroupedTableViewStyleAppDelegate.h */,
				F0D974FD1450067E00D7FA65 /* GroupedTableViewStyleAppDelegate.m */,
				F0D974FF1450067E00D7FA65 /* MainWindow.xib */,
				F0D975021450067E00D7FA65 /* GroupedTableViewStyleViewController.h */,
				F0D975031450067E00D7FA65 /* GroupedTableViewStyleViewController.m */,
				F0D975051450067E00D7FA65 /* GroupedTableViewStyleViewController.xib */,
				F0D974F41450067E00D7FA65 /* Supporting Files */,
			);
			path = GroupedTableViewStyle;
			sourceTree = "<group>";
		};
		F0D974F41450067E00D7FA65 /* Supporting Files */ = {
			isa = PBXGroup;
			children = (
				F0D974F51450067E00D7FA65 /* GroupedTableViewStyle-Info.plist */,
				F0D974F61450067E00D7FA65 /* InfoPlist.strings */,
				F0D974F91450067E00D7FA65 /* GroupedTableViewStyle-Prefix.pch */,
				F0D974FA1450067E00D7FA65 /* main.m */,
			);
			name = "Supporting Files";
			sourceTree = "<group>";
		};
/* End PBXGroup section */

/* Begin PBXNativeTarget section */
		F0D974E81450067E00D7FA65 /* GroupedTableViewStyle */ = {
			isa = PBXNativeTarget;
			buildConfigurationList = F0D9750A1450067E00D7FA65 /* Build configuration list for PBXNativeTarget "GroupedTableViewStyle" */;
			buildPhases = (
				F0D974E51450067E00D7FA65 /* Sources */,
				F0D974E61450067E00D7FA65 /* Frameworks */,
				F0D974E71450067E00D7FA65 /* Resources */,
			);
			buildRules = (
			);
			dependencies = (
			);
			name = GroupedTableViewStyle;
			productName = GroupedTableViewStyle;
			productReference = F0D974E91450067E00D7FA65 /* GroupedTableViewStyle.app */;
			productType = "com.apple.product-type.application";
		};
/* End PBXNativeTarget section */

/* Begin PBXProject section */
		F0D974E01450067E00D7FA65 /* Project object */ = {
			isa = PBXProject;
			buildConfigurationList = F0D974E31450067E00D7FA65 /* Build configuration list for PBXProject "GroupedTableViewStyle" */;
			compatibilityVersion = "Xcode 3.2";
			developmentRegion = English;
			hasScannedForEncodings = 0;
			knownRegions = (
				en,
			);
			mainGroup = F0D974DE1450067E00D7FA65;
			productRefGroup = F0D974EA1450067E00D7FA65 /* Products */;
			projectDirPath = "";
			projectRoot = "";
			targets = (
				F0D974E81450067E00D7FA65 /* GroupedTableViewStyle */,
			);
		};
/* End PBXProject section */

/* Begin PBXResourcesBuildPhase section */
		F0D974E71450067E00D7FA65 /* Resources */ = {
			isa = PBXResourcesBuildPhase;
			buildActionMask = 2147483647;
			files = (
				F0D974F81450067E00D7FA65 /* InfoPlist.strings in Resources */,
				F0D975011450067E00D7FA65 /* MainWindow.xib in Resources */,
				F0D975071450067E00D7FA65 /* GroupedTableViewStyleViewController.xib in Resources */,
			);
			runOnlyForDeploymentPostprocessing = 0;
		};
/* End PBXResourcesBuildPhase section */

/* Begin PBXSourcesBuildPhase section */
		F0D974E51450067E00D7FA65 /* Sources */ = {
			isa = PBXSourcesBuildPhase;
			buildActionMask = 2147483647;
			files = (
				F0D974FB1450067E00D7FA65 /* main.m in Sources */,
				F0D974FE1450067E00D7FA65 /* GroupedTableViewStyleAppDelegate.m in Sources */,
				F0D975041450067E00D7FA65 /* GroupedTableViewStyleViewController.m in Sources */,
				F0D9750F145006C600D7FA65 /* GroupedTableViewStyle.m in Sources */,
			);
			runOnlyForDeploymentPostprocessing = 0;
		};
/* End PBXSourcesBuildPhase section */

/* Begin PBXVariantGroup section */
		F0D974F61450067E00D7FA65 /* InfoPlist.strings */ = {
			isa = PBXVariantGroup;
			children = (
				F0D974F71450067E00D7FA65 /* en */,
			);
			name = InfoPlist.strings;
			sourceTree = "<group>";
		};
		F0D974FF1450067E00D7FA65 /* MainWindow.xib */ = {
			isa = PBXVariantGroup;
			children = (
				F0D975001450067E00D7FA65 /* en */,
			);
			name = MainWindow.xib;
			sourceTree = "<group>";
		};
		F0D975051450067E00D7FA65 /* GroupedTableViewStyleViewController.xib */ = {
			isa = PBXVariantGroup;
			children = (
				F0D975061450067E00D7FA65 /* en */,
			);
			name = GroupedTableViewStyleViewController.xib;
			sourceTree = "<group>";
		};
/* End PBXVariantGroup section */

/* Begin XCBuildConfiguration section */
		F0D975081450067E00D7FA65 /* Debug */ = {
			isa = XCBuildConfiguration;
			buildSettings = {
				ARCHS = "$(ARCHS_STANDARD_32_BIT)";
				"CODE_SIGN_IDENTITY[sdk=iphoneos*]" = "iPhone Developer";
				GCC_C_LANGUAGE_STANDARD = gnu99;
				GCC_OPTIMIZATION_LEVEL = 0;
				GCC_PREPROCESSOR_DEFINITIONS = DEBUG;
				GCC_SYMBOLS_PRIVATE_EXTERN = NO;
				GCC_VERSION = com.apple.compilers.llvmgcc42;
				GCC_WARN_ABOUT_RETURN_TYPE = YES;
				GCC_WARN_UNUSED_VARIABLE = YES;
				IPHONEOS_DEPLOYMENT_TARGET = 4.3;
				SDKROOT = iphoneos;
			};
			name = Debug;
		};
		F0D975091450067E00D7FA65 /* Release */ = {
			isa = XCBuildConfiguration;
			buildSettings = {
				ARCHS = "$(ARCHS_STANDARD_32_BIT)";
				"CODE_SIGN_IDENTITY[sdk=iphoneos*]" = "iPhone Developer";
				GCC_C_LANGUAGE_STANDARD = gnu99;
				GCC_VERSION = com.apple.compilers.llvmgcc42;
				GCC_WARN_ABOUT_RETURN_TYPE = YES;
				GCC_WARN_UNUSED_VARIABLE = YES;
				IPHONEOS_DEPLOYMENT_TARGET = 4.3;
				OTHER_CFLAGS = "-DNS_BLOCK_ASSERTIONS=1";
				SDKROOT = iphoneos;
			};
			name = Release;
		};
		F0D9750B1450067E00D7FA65 /* Debug */ = {
			isa = XCBuildConfiguration;
			buildSettings = {
				ALWAYS_SEARCH_USER_PATHS = NO;
				COPY_PHASE_STRIP = NO;
				GCC_DYNAMIC_NO_PIC = NO;
				GCC_PRECOMPILE_PREFIX_HEADER = YES;
				GCC_PREFIX_HEADER = "GroupedTableViewStyle/GroupedTableViewStyle-Prefix.pch";
				INFOPLIST_FILE = "GroupedTableViewStyle/GroupedTableViewStyle-Info.plist";
				PRODUCT_NAME = "$(TARGET_NAME)";
				WRAPPER_EXTENSION = app;
			};
			name = Debug;
		};
		F0D9750C1450067E00D7FA65 /* Release */ = {
			isa = XCBuildConfiguration;
			buildSettings = {
				ALWAYS_SEARCH_USER_PATHS = NO;
				COPY_PHASE_STRIP = YES;
				GCC_PRECOMPILE_PREFIX_HEADER = YES;
				GCC_PREFIX_HEADER = "GroupedTableViewStyle/GroupedTableViewStyle-Prefix.pch";
				INFOPLIST_FILE = "GroupedTableViewStyle/GroupedTableViewStyle-Info.plist";
				PRODUCT_NAME = "$(TARGET_NAME)";
				VALIDATE_PRODUCT = YES;
				WRAPPER_EXTENSION = app;
			};
			name = Release;
		};
/* End XCBuildConfiguration section */

/* Begin XCConfigurationList section */
		F0D974E31450067E00D7FA65 /* Build configuration list for PBXProject "GroupedTableViewStyle" */ = {
			isa = XCConfigurationList;
			buildConfigurations = (
				F0D975081450067E00D7FA65 /* Debug */,
				F0D975091450067E00D7FA65 /* Release */,
			);
			defaultConfigurationIsVisible = 0;
			defaultConfigurationName = Release;
		};
		F0D9750A1450067E00D7FA65 /* Build configuration list for PBXNativeTarget "GroupedTableViewStyle" */ = {
			isa = XCConfigurationList;
			buildConfigurations = (
				F0D9750B1450067E00D7FA65 /* Debug */,
				F0D9750C1450067E00D7FA65 /* Release */,
			);
			defaultConfigurationIsVisible = 0;
		};
/* End XCConfigurationList section */
	};
	rootObject = F0D974E01450067E00D7FA65 /* Project object */;
}
